{
    "_readme": [
        "This file locks the dependencies of your project to a known state",
        "Read more about it at https://getcomposer.org/doc/01-basic-usage.md#installing-dependencies",
        "This file is @generated automatically"
    ],
    "content-hash": "be74067661793b1f401a814e4e6d8bb7",
    "packages": [
        {
            "name": "akeeba/s3",
            "version": "dev-master",
            "source": {
                "type": "git",
                "url": "https://github.com/akeeba/s3",
                "reference": "4be75c333f61838d0eb58346e66d51977192a3ce"
            },
            "require": {
                "ext-curl": "*",
                "php": ">=5.3.4"
            },
            "type": "library",
            "autoload": {
                "psr-4": {
                    "Akeeba\\Engine\\Postproc\\Connector\\S3v4\\": "src"
                }
            },
            "license": [
                "GPL-3.0+"
            ],
            "authors": [
                {
                    "name": "Nicholas K. Dionysopoulos",
                    "email": "nicholas_NO_SPAM_PLEASE@akeebabackup.com",
                    "homepage": "http://www.dionysopoulos.me",
                    "role": "Lead Developer"
                }
            ],
            "description": "Akeeba Engine connector for Amazon S3",
            "homepage": "https://github.com/akeeba/s3",
            "keywords": [
                "s3"
            ],
            "time": "2019-08-06T06:37:39+00:00"
        }
    ],
    "packages-dev": [],
    "aliases": [],
    "minimum-stability": "stable",
    "stability-flags": {
        "akeeba/s3": 20
    },
    "prefer-stable": false,
    "prefer-lowest": false,
    "platform": [],
    "platform-dev": []
}
